
Microsoft Visual Studio Solution File, Format Version 12.00
# Visual Studio 15
VisualStudioVersion = 15.0.28307.489
MinimumVisualStudioVersion = 10.0.40219.1
Project("{9A19103F-16F7-4668-BE54-9A1E7A4F7556}") = "lambda-discreet-url", "lambda-url-shortener\lambda-discreet-url.csproj", "{20E06025-C1ED-4236-9758-95AEDCE4668C}"
EndProject
Project("{9A19103F-16F7-4668-BE54-9A1E7A4F7556}") = "lambda-discreet-url-tests", "lambda-url-shortener.Tests\lambda-discreet-url-tests.csproj", "{913A6603-7407-4E59-B4BE-27F8FE83BE80}"
EndProject
Global
	GlobalSection(SolutionConfigurationPlatforms) = preSolution
		Debug|Any CPU = Debug|Any CPU
		Release|Any CPU = Release|Any CPU
	EndGlobalSection
	GlobalSection(ProjectConfigurationPlatforms) = postSolution
		{20E06025-C1ED-4236-9758-95AEDCE4668C}.Debug|Any CPU.ActiveCfg = Debug|Any CPU
		{20E06025-C1ED-4236-9758-95AEDCE4668C}.Debug|Any CPU.Build.0 = Debug|Any CPU
		{20E06025-C1ED-4236-9758-95AEDCE4668C}.Release|Any CPU.ActiveCfg = Release|Any CPU
		{20E06025-C1ED-4236-9758-95AEDCE4668C}.Release|Any CPU.Build.0 = Release|Any CPU
		{913A6603-7407-4E59-B4BE-27F8FE83BE80}.Debug|Any CPU.ActiveCfg = Debug|Any CPU
		{913A6603-7407-4E59-B4BE-27F8FE83BE80}.Debug|Any CPU.Build.0 = Debug|Any CPU
		{913A6603-7407-4E59-B4BE-27F8FE83BE80}.Release|Any CPU.ActiveCfg = Release|Any CPU
		{913A6603-7407-4E59-B4BE-27F8FE83BE80}.Release|Any CPU.Build.0 = Release|Any CPU
	EndGlobalSection
	GlobalSection(SolutionProperties) = preSolution
		HideSolutionNode = FALSE
	EndGlobalSection
	GlobalSection(ExtensibilityGlobals) = postSolution
		SolutionGuid = {2FA7B22D-2244-4FC8-846C-446D680C0404}
	EndGlobalSection
EndGlobal
